
Microsoft Visual Studio Solution File, Format Version 12.00
# Visual Studio 15
VisualStudioVersion = 15.0.28307.271
MinimumVisualStudioVersion = 10.0.40219.1
Project("{FAE04EC0-301F-11D3-BF4B-00C04F79EFBC}") = "KeyboardWatcher", "KeyboardWatcher\KeyboardWatcher.csproj", "{D4E78AD0-B5A3-431D-93D2-500CA8F8FDFD}"
EndProject
Global
	GlobalSection(SolutionConfigurationPlatforms) = preSolution
		Debug|Any CPU = Debug|Any CPU
		Release|Any CPU = Release|Any CPU
	EndGlobalSection
	GlobalSection(ProjectConfigurationPlatforms) = postSolution
		{D4E78AD0-B5A3-431D-93D2-500CA8F8FDFD}.Debug|Any CPU.ActiveCfg = Debug|Any CPU
		{D4E78AD0-B5A3-431D-93D2-500CA8F8FDFD}.Debug|Any CPU.Build.0 = Debug|Any CPU
		{D4E78AD0-B5A3-431D-93D2-500CA8F8FDFD}.Release|Any CPU.ActiveCfg = Release|Any CPU
		{D4E78AD0-B5A3-431D-93D2-500CA8F8FDFD}.Release|Any CPU.Build.0 = Release|Any CPU
	EndGlobalSection
	GlobalSection(SolutionProperties) = preSolution
		HideSolutionNode = FALSE
	EndGlobalSection
	GlobalSection(ExtensibilityGlobals) = postSolution
		SolutionGuid = {54C23D9A-2A5B-4EB7-A5E7-4D125BE86ABF}
	EndGlobalSection
EndGlobal
